// !$*UTF8*$!
{
	archiveVersion = 1;
	classes = {
	};
	objectVersion = 48;
	objects = {

/* Begin PBXBuildFile section */
		9D23B94755C2FE69636EF572 /* libPods-LoginMVVM.a in Frameworks */ = {isa = PBXBuildFile; fileRef = 363F516AAE16895E59D48E8C /* libPods-LoginMVVM.a */; };
		B90869DE212E92E00077448F /* 10.5 32-bit Test-Info.plist in Resources */ = {isa = PBXBuildFile; fileRef = B90869A1212E92E00077448F /* 10.5 32-bit Test-Info.plist */; };
		B90869DF212E92E00077448F /* 10.5 64-bit Test-Info.plist in Resources */ = {isa = PBXBuildFile; fileRef = B90869A2212E92E00077448F /* 10.5 64-bit Test-Info.plist */; };
		B90869E0212E92E00077448F /* BallardSwizzleTest.m in Sources */ = {isa = PBXBuildFile; fileRef = B90869A3212E92E00077448F /* BallardSwizzleTest.m */; };
		B90869E1212E92E00077448F /* 10.4 Test-Info.plist in Resources */ = {isa = PBXBuildFile; fileRef = B90869A8212E92E00077448F /* 10.4 Test-Info.plist */; };
		B90869E2212E92E00077448F /* AppleSwizzleTest.m in Sources */ = {isa = PBXBuildFile; fileRef = B90869A9212E92E00077448F /* AppleSwizzleTest.m */; };
		B90869E3212E92E00077448F /* 10.3 Test-Info.plist in Resources */ = {isa = PBXBuildFile; fileRef = B90869AA212E92E00077448F /* 10.3 Test-Info.plist */; };
		B90869E4212E92E00077448F /* main.m in Sources */ = {isa = PBXBuildFile; fileRef = B90869AD212E92E00077448F /* main.m */; };
		B90869E5212E92E00077448F /* JRSwizzleTest.m in Sources */ = {isa = PBXBuildFile; fileRef = B90869B1212E92E00077448F /* JRSwizzleTest.m */; };
		B90869E6212E92E00077448F /* ClassicSwizzleTest.m in Sources */ = {isa = PBXBuildFile; fileRef = B90869B2212E92E00077448F /* ClassicSwizzleTest.m */; };
		B90869E7212E92E00077448F /* MethodSwizzle.m in Sources */ = {isa = PBXBuildFile; fileRef = B90869B3212E92E00077448F /* MethodSwizzle.m */; };
		B90869E8212E92E00077448F /* LICENSE in Resources */ = {isa = PBXBuildFile; fileRef = B90869B4212E92E00077448F /* LICENSE */; };
		B90869E9212E92E00077448F /* README.markdown in Resources */ = {isa = PBXBuildFile; fileRef = B90869B5212E92E00077448F /* README.markdown */; };
		B90869EA212E92E00077448F /* JRSwizzle.m in Sources */ = {isa = PBXBuildFile; fileRef = B90869B6212E92E00077448F /* JRSwizzle.m */; };
		B90869EB212E92E00077448F /* JRSwizzle.podspec in Resources */ = {isa = PBXBuildFile; fileRef = B90869B7212E92E00077448F /* JRSwizzle.podspec */; };
		B90869EC212E92E00077448F /* LoginViewController.m in Sources */ = {isa = PBXBuildFile; fileRef = B90869B8212E92E00077448F /* LoginViewController.m */; };
		B90869ED212E92E00077448F /* Assets.xcassets in Resources */ = {isa = PBXBuildFile; fileRef = B90869B9212E92E00077448F /* Assets.xcassets */; };
		B90869EE212E92E00077448F /* ViewController.m in Sources */ = {isa = PBXBuildFile; fileRef = B90869BA212E92E00077448F /* ViewController.m */; };
		B90869EF212E92E00077448F /* LaunchScreen.storyboard in Resources */ = {isa = PBXBuildFile; fileRef = B90869BB212E92E00077448F /* LaunchScreen.storyboard */; };
		B90869F0212E92E00077448F /* Main.storyboard in Resources */ = {isa = PBXBuildFile; fileRef = B90869BD212E92E00077448F /* Main.storyboard */; };
		B90869F1212E92E00077448F /* main.m in Sources */ = {isa = PBXBuildFile; fileRef = B90869BF212E92E00077448F /* main.m */; };
		B90869F2212E92E00077448F /* LoginViewModel.m in Sources */ = {isa = PBXBuildFile; fileRef = B90869C0212E92E00077448F /* LoginViewModel.m */; };
		B90869F3212E92E00077448F /* AppDelegate.m in Sources */ = {isa = PBXBuildFile; fileRef = B90869C1212E92E00077448F /* AppDelegate.m */; };
		B90869F4212E92E00077448F /* Info.plist in Resources */ = {isa = PBXBuildFile; fileRef = B90869C3212E92E00077448F /* Info.plist */; };
/* End PBXBuildFile section */

/* Begin PBXContainerItemProxy section */
		B90869CE212E92E00077448F /* PBXContainerItemProxy */ = {
			isa = PBXContainerItemProxy;
			containerPortal = B90869A4212E92E00077448F /* JRSwizzleTest.xcodeproj */;
			proxyType = 2;
			remoteGlobalIDString = 792608A30CF3F88400A93D12;
			remoteInfo = 10.3;
		};
		B90869D0212E92E00077448F /* PBXContainerItemProxy */ = {
			isa = PBXContainerItemProxy;
			containerPortal = B90869A4212E92E00077448F /* JRSwizzleTest.xcodeproj */;
			proxyType = 2;
			remoteGlobalIDString = 792607C30CF3F05800A93D12;
			remoteInfo = 10.4;
		};
		B90869D2212E92E00077448F /* PBXContainerItemProxy */ = {
			isa = PBXContainerItemProxy;
			containerPortal = B90869A4212E92E00077448F /* JRSwizzleTest.xcodeproj */;
			proxyType = 2;
			remoteGlobalIDString = 8DD76FA10486AA7600D96B5E;
			remoteInfo = "10.5 32-bit";
		};
		B90869D4212E92E00077448F /* PBXContainerItemProxy */ = {
			isa = PBXContainerItemProxy;
			containerPortal = B90869A4212E92E00077448F /* JRSwizzleTest.xcodeproj */;
			proxyType = 2;
			remoteGlobalIDString = 79F3DBEE0CF33E6000733703;
			remoteInfo = "10.5 64-bit";
		};
		B90869D6212E92E00077448F /* PBXContainerItemProxy */ = {
			isa = PBXContainerItemProxy;
			containerPortal = B90869A4212E92E00077448F /* JRSwizzleTest.xcodeproj */;
			proxyType = 2;
			remoteGlobalIDString = 7926093F0CF3F98E00A93D12;
			remoteInfo = "10.3 Test";
		};
		B90869D8212E92E00077448F /* PBXContainerItemProxy */ = {
			isa = PBXContainerItemProxy;
			containerPortal = B90869A4212E92E00077448F /* JRSwizzleTest.xcodeproj */;
			proxyType = 2;
			remoteGlobalIDString = 792608550CF3F24400A93D12;
			remoteInfo = "10.4 Test";
		};
		B90869DA212E92E00077448F /* PBXContainerItemProxy */ = {
			isa = PBXContainerItemProxy;
			containerPortal = B90869A4212E92E00077448F /* JRSwizzleTest.xcodeproj */;
			proxyType = 2;
			remoteGlobalIDString = 79F3DC150CF33F5000733703;
			remoteInfo = "10.5 32-bit Test";
		};
		B90869DC212E92E00077448F /* PBXContainerItemProxy */ = {
			isa = PBXContainerItemProxy;
			containerPortal = B90869A4212E92E00077448F /* JRSwizzleTest.xcodeproj */;
			proxyType = 2;
			remoteGlobalIDString = 79F3DC2D0CF341EC00733703;
			remoteInfo = "10.5 64-bit Test";
		};
/* End PBXContainerItemProxy section */

/* Begin PBXFileReference section */
		363F516AAE16895E59D48E8C /* libPods-LoginMVVM.a */ = {isa = PBXFileReference; explicitFileType = archive.ar; includeInIndex = 0; path = "libPods-LoginMVVM.a"; sourceTree = BUILT_PRODUCTS_DIR; };
		542A688CB8AE9C8D222C325F /* Pods-LoginMVVM.release.xcconfig */ = {isa = PBXFileReference; includeInIndex = 1; lastKnownFileType = text.xcconfig; name = "Pods-LoginMVVM.release.xcconfig"; path = "Pods/Target Support Files/Pods-LoginMVVM/Pods-LoginMVVM.release.xcconfig"; sourceTree = "<group>"; };
		66B0875A81E6DF330F40E7D1 /* Pods-LoginMVVM.debug.xcconfig */ = {isa = PBXFileReference; includeInIndex = 1; lastKnownFileType = text.xcconfig; name = "Pods-LoginMVVM.debug.xcconfig"; path = "Pods/Target Support Files/Pods-LoginMVVM/Pods-LoginMVVM.debug.xcconfig"; sourceTree = "<group>"; };
		B908699C212E92E00077448F /* AppDelegate.h */ = {isa = PBXFileReference; fileEncoding = 4; lastKnownFileType = sourcecode.c.h; path = AppDelegate.h; sourceTree = "<group>"; };
		B908699D212E92E00077448F /* LoginViewModel.h */ = {isa = PBXFileReference; fileEncoding = 4; lastKnownFileType = sourcecode.c.h; path = LoginViewModel.h; sourceTree = "<group>"; };
		B908699F212E92E00077448F /* JRSwizzle.h */ = {isa = PBXFileReference; fileEncoding = 4; lastKnownFileType = sourcecode.c.h; path = JRSwizzle.h; sourceTree = "<group>"; };
		B90869A1212E92E00077448F /* 10.5 32-bit Test-Info.plist */ = {isa = PBXFileReference; fileEncoding = 4; lastKnownFileType = text.plist.xml; path = "10.5 32-bit Test-Info.plist"; sourceTree = "<group>"; };
		B90869A2212E92E00077448F /* 10.5 64-bit Test-Info.plist */ = {isa = PBXFileReference; fileEncoding = 4; lastKnownFileType = text.plist.xml; path = "10.5 64-bit Test-Info.plist"; sourceTree = "<group>"; };
		B90869A3212E92E00077448F /* BallardSwizzleTest.m */ = {isa = PBXFileReference; fileEncoding = 4; lastKnownFileType = sourcecode.c.objc; path = BallardSwizzleTest.m; sourceTree = "<group>"; };
		B90869A4212E92E00077448F /* JRSwizzleTest.xcodeproj */ = {isa = PBXFileReference; lastKnownFileType = "wrapper.pb-project"; path = JRSwizzleTest.xcodeproj; sourceTree = "<group>"; };
		B90869A7212E92E00077448F /* JRSwizzleTest.h */ = {isa = PBXFileReference; fileEncoding = 4; lastKnownFileType = sourcecode.c.h; path = JRSwizzleTest.h; sourceTree = "<group>"; };
		B90869A8212E92E00077448F /* 10.4 Test-Info.plist */ = {isa = PBXFileReference; fileEncoding = 4; lastKnownFileType = text.plist.xml; path = "10.4 Test-Info.plist"; sourceTree = "<group>"; };
		B90869A9212E92E00077448F /* AppleSwizzleTest.m */ = {isa = PBXFileReference; fileEncoding = 4; lastKnownFileType = sourcecode.c.objc; path = AppleSwizzleTest.m; sourceTree = "<group>"; };
		B90869AA212E92E00077448F /* 10.3 Test-Info.plist */ = {isa = PBXFileReference; fileEncoding = 4; lastKnownFileType = text.plist.xml; path = "10.3 Test-Info.plist"; sourceTree = "<group>"; };
		B90869AB212E92E00077448F /* MethodSwizzle.h */ = {isa = PBXFileReference; fileEncoding = 4; lastKnownFileType = sourcecode.c.h; path = MethodSwizzle.h; sourceTree = "<group>"; };
		B90869AC212E92E00077448F /* ClassicSwizzleTest.h */ = {isa = PBXFileReference; fileEncoding = 4; lastKnownFileType = sourcecode.c.h; path = ClassicSwizzleTest.h; sourceTree = "<group>"; };
		B90869AD212E92E00077448F /* main.m */ = {isa = PBXFileReference; fileEncoding = 4; lastKnownFileType = sourcecode.c.objc; path = main.m; sourceTree = "<group>"; };
		B90869AE212E92E00077448F /* JRSwizzleTest_Prefix.pch */ = {isa = PBXFileReference; fileEncoding = 4; lastKnownFileType = sourcecode.c.h; path = JRSwizzleTest_Prefix.pch; sourceTree = "<group>"; };
		B90869AF212E92E00077448F /* BallardSwizzleTest.h */ = {isa = PBXFileReference; fileEncoding = 4; lastKnownFileType = sourcecode.c.h; path = BallardSwizzleTest.h; sourceTree = "<group>"; };
		B90869B0212E92E00077448F /* AppleSwizzleTest.h */ = {isa = PBXFileReference; fileEncoding = 4; lastKnownFileType = sourcecode.c.h; path = AppleSwizzleTest.h; sourceTree = "<group>"; };
		B90869B1212E92E00077448F /* JRSwizzleTest.m */ = {isa = PBXFileReference; fileEncoding = 4; lastKnownFileType = sourcecode.c.objc; path = JRSwizzleTest.m; sourceTree = "<group>"; };
		B90869B2212E92E00077448F /* ClassicSwizzleTest.m */ = {isa = PBXFileReference; fileEncoding = 4; lastKnownFileType = sourcecode.c.objc; path = ClassicSwizzleTest.m; sourceTree = "<group>"; };
		B90869B3212E92E00077448F /* MethodSwizzle.m */ = {isa = PBXFileReference; fileEncoding = 4; lastKnownFileType = sourcecode.c.objc; path = MethodSwizzle.m; sourceTree = "<group>"; };
		B90869B4212E92E00077448F /* LICENSE */ = {isa = PBXFileReference; fileEncoding = 4; lastKnownFileType = text; path = LICENSE; sourceTree = "<group>"; };
		B90869B5212E92E00077448F /* README.markdown */ = {isa = PBXFileReference; fileEncoding = 4; lastKnownFileType = net.daringfireball.markdown; path = README.markdown; sourceTree = "<group>"; };
		B90869B6212E92E00077448F /* JRSwizzle.m */ = {isa = PBXFileReference; fileEncoding = 4; lastKnownFileType = sourcecode.c.objc; path = JRSwizzle.m; sourceTree = "<group>"; };
		B90869B7212E92E00077448F /* JRSwizzle.podspec */ = {isa = PBXFileReference; fileEncoding = 4; lastKnownFileType = text; path = JRSwizzle.podspec; sourceTree = "<group>"; };
		B90869B8212E92E00077448F /* LoginViewController.m */ = {isa = PBXFileReference; fileEncoding = 4; lastKnownFileType = sourcecode.c.objc; path = LoginViewController.m; sourceTree = "<group>"; };
		B90869B9212E92E00077448F /* Assets.xcassets */ = {isa = PBXFileReference; lastKnownFileType = folder.assetcatalog; path = Assets.xcassets; sourceTree = "<group>"; };
		B90869BA212E92E00077448F /* ViewController.m */ = {isa = PBXFileReference; fileEncoding = 4; lastKnownFileType = sourcecode.c.objc; path = ViewController.m; sourceTree = "<group>"; };
		B90869BC212E92E00077448F /* Base */ = {isa = PBXFileReference; lastKnownFileType = file.storyboard; name = Base; path = Base.lproj/LaunchScreen.storyboard; sourceTree = "<group>"; };
		B90869BE212E92E00077448F /* Base */ = {isa = PBXFileReference; lastKnownFileType = file.storyboard; name = Base; path = Base.lproj/Main.storyboard; sourceTree = "<group>"; };
		B90869BF212E92E00077448F /* main.m */ = {isa = PBXFileReference; fileEncoding = 4; lastKnownFileType = sourcecode.c.objc; path = main.m; sourceTree = "<group>"; };
		B90869C0212E92E00077448F /* LoginViewModel.m */ = {isa = PBXFileReference; fileEncoding = 4; lastKnownFileType = sourcecode.c.objc; path = LoginViewModel.m; sourceTree = "<group>"; };
		B90869C1212E92E00077448F /* AppDelegate.m */ = {isa = PBXFileReference; fileEncoding = 4; lastKnownFileType = sourcecode.c.objc; path = AppDelegate.m; sourceTree = "<group>"; };
		B90869C2212E92E00077448F /* LoginViewController.h */ = {isa = PBXFileReference; fileEncoding = 4; lastKnownFileType = sourcecode.c.h; path = LoginViewController.h; sourceTree = "<group>"; };
		B90869C3212E92E00077448F /* Info.plist */ = {isa = PBXFileReference; fileEncoding = 4; lastKnownFileType = text.plist.xml; path = Info.plist; sourceTree = "<group>"; };
		B90869C4212E92E00077448F /* ViewController.h */ = {isa = PBXFileReference; fileEncoding = 4; lastKnownFileType = sourcecode.c.h; path = ViewController.h; sourceTree = "<group>"; };
		B9AE6AA42029FE56006FBC9D /* LoginMVVM.app */ = {isa = PBXFileReference; explicitFileType = wrapper.application; includeInIndex = 0; path = LoginMVVM.app; sourceTree = BUILT_PRODUCTS_DIR; };
/* End PBXFileReference section */

/* Begin PBXFrameworksBuildPhase section */
		B9AE6AA12029FE56006FBC9D /* Frameworks */ = {
			isa = PBXFrameworksBuildPhase;
			buildActionMask = 2147483647;
			files = (
				9D23B94755C2FE69636EF572 /* libPods-LoginMVVM.a in Frameworks */,
			);
			runOnlyForDeploymentPostprocessing = 0;
		};
/* End PBXFrameworksBuildPhase section */

/* Begin PBXGroup section */
		352BC919E1CF3B5966641E3B /* Frameworks */ = {
			isa = PBXGroup;
			children = (
				363F516AAE16895E59D48E8C /* libPods-LoginMVVM.a */,
			);
			name = Frameworks;
			sourceTree = "<group>";
		};
		B908699B212E92E00077448F /* LoginMVVM */ = {
			isa = PBXGroup;
			children = (
				B908699C212E92E00077448F /* AppDelegate.h */,
				B908699D212E92E00077448F /* LoginViewModel.h */,
				B908699E212E92E00077448F /* jrswizzle-semver-1.x */,
				B90869B8212E92E00077448F /* LoginViewController.m */,
				B90869B9212E92E00077448F /* Assets.xcassets */,
				B90869BA212E92E00077448F /* ViewController.m */,
				B90869BB212E92E00077448F /* LaunchScreen.storyboard */,
				B90869BD212E92E00077448F /* Main.storyboard */,
				B90869BF212E92E00077448F /* main.m */,
				B90869C0212E92E00077448F /* LoginViewModel.m */,
				B90869C1212E92E00077448F /* AppDelegate.m */,
				B90869C2212E92E00077448F /* LoginViewController.h */,
				B90869C3212E92E00077448F /* Info.plist */,
				B90869C4212E92E00077448F /* ViewController.h */,
			);
			path = LoginMVVM;
			sourceTree = "<group>";
		};
		B908699E212E92E00077448F /* jrswizzle-semver-1.x */ = {
			isa = PBXGroup;
			children = (
				B908699F212E92E00077448F /* JRSwizzle.h */,
				B90869A0212E92E00077448F /* JRSwizzleTest */,
				B90869B4212E92E00077448F /* LICENSE */,
				B90869B5212E92E00077448F /* README.markdown */,
				B90869B6212E92E00077448F /* JRSwizzle.m */,
				B90869B7212E92E00077448F /* JRSwizzle.podspec */,
			);
			path = "jrswizzle-semver-1.x";
			sourceTree = "<group>";
		};
		B90869A0212E92E00077448F /* JRSwizzleTest */ = {
			isa = PBXGroup;
			children = (
				B90869A1212E92E00077448F /* 10.5 32-bit Test-Info.plist */,
				B90869A2212E92E00077448F /* 10.5 64-bit Test-Info.plist */,
				B90869A3212E92E00077448F /* BallardSwizzleTest.m */,
				B90869A4212E92E00077448F /* JRSwizzleTest.xcodeproj */,
				B90869A7212E92E00077448F /* JRSwizzleTest.h */,
				B90869A8212E92E00077448F /* 10.4 Test-Info.plist */,
				B90869A9212E92E00077448F /* AppleSwizzleTest.m */,
				B90869AA212E92E00077448F /* 10.3 Test-Info.plist */,
				B90869AB212E92E00077448F /* MethodSwizzle.h */,
				B90869AC212E92E00077448F /* ClassicSwizzleTest.h */,
				B90869AD212E92E00077448F /* main.m */,
				B90869AE212E92E00077448F /* JRSwizzleTest_Prefix.pch */,
				B90869AF212E92E00077448F /* BallardSwizzleTest.h */,
				B90869B0212E92E00077448F /* AppleSwizzleTest.h */,
				B90869B1212E92E00077448F /* JRSwizzleTest.m */,
				B90869B2212E92E00077448F /* ClassicSwizzleTest.m */,
				B90869B3212E92E00077448F /* MethodSwizzle.m */,
			);
			path = JRSwizzleTest;
			sourceTree = "<group>";
		};
		B90869A5212E92E00077448F /* Products */ = {
			isa = PBXGroup;
			children = (
				B90869CF212E92E00077448F /* JRSwizzleTest_1030 */,
				B90869D1212E92E00077448F /* JRSwizzleTest_1040 */,
				B90869D3212E92E00077448F /* JRSwizzleTest_1050_32 */,
				B90869D5212E92E00077448F /* JRSwizzleTest_1050_64 */,
				B90869D7212E92E00077448F /* 10.3 Test.octest */,
				B90869D9212E92E00077448F /* 10.4 Test.octest */,
				B90869DB212E92E00077448F /* 10.5 32-bit Test.octest */,
				B90869DD212E92E00077448F /* 10.5 64-bit Test.octest */,
			);
			name = Products;
			sourceTree = "<group>";
		};
		B9AE6A9B2029FE56006FBC9D = {
			isa = PBXGroup;
			children = (
				B908699B212E92E00077448F /* LoginMVVM */,
				B9AE6AA52029FE56006FBC9D /* Products */,
				C302D7EBAD108B60F3BC10AC /* Pods */,
				352BC919E1CF3B5966641E3B /* Frameworks */,
			);
			sourceTree = "<group>";
		};
		B9AE6AA52029FE56006FBC9D /* Products */ = {
			isa = PBXGroup;
			children = (
				B9AE6AA42029FE56006FBC9D /* LoginMVVM.app */,
			);
			name = Products;
			sourceTree = "<group>";
		};
		C302D7EBAD108B60F3BC10AC /* Pods */ = {
			isa = PBXGroup;
			children = (
				66B0875A81E6DF330F40E7D1 /* Pods-LoginMVVM.debug.xcconfig */,
				542A688CB8AE9C8D222C325F /* Pods-LoginMVVM.release.xcconfig */,
			);
			name = Pods;
			sourceTree = "<group>";
		};
/* End PBXGroup section */

/* Begin PBXNativeTarget section */
		B9AE6AA32029FE56006FBC9D /* LoginMVVM */ = {
			isa = PBXNativeTarget;
			buildConfigurationList = B9AE6ABA2029FE56006FBC9D /* Build configuration list for PBXNativeTarget "LoginMVVM" */;
			buildPhases = (
				1B80C0C6ACA125F5E15E4C78 /* [CP] Check Pods Manifest.lock */,
				B9AE6AA02029FE56006FBC9D /* Sources */,
				B9AE6AA12029FE56006FBC9D /* Frameworks */,
				B9AE6AA22029FE56006FBC9D /* Resources */,
			);
			buildRules = (
			);
			dependencies = (
			);
			name = LoginMVVM;
			productName = LoginMVVM;
			productReference = B9AE6AA42029FE56006FBC9D /* LoginMVVM.app */;
			productType = "com.apple.product-type.application";
		};
/* End PBXNativeTarget section */

/* Begin PBXProject section */
		B9AE6A9C2029FE56006FBC9D /* Project object */ = {
			isa = PBXProject;
			attributes = {
				LastUpgradeCheck = 0940;
				ORGANIZATIONNAME = "qunye zhu";
				TargetAttributes = {
					B9AE6AA32029FE56006FBC9D = {
						CreatedOnToolsVersion = 9.2;
						ProvisioningStyle = Automatic;
					};
				};
			};
			buildConfigurationList = B9AE6A9F2029FE56006FBC9D /* Build configuration list for PBXProject "LoginMVVM" */;
			compatibilityVersion = "Xcode 8.0";
			developmentRegion = en;
			hasScannedForEncodings = 0;
			knownRegions = (
				en,
				Base,
			);
			mainGroup = B9AE6A9B2029FE56006FBC9D;
			productRefGroup = B9AE6AA52029FE56006FBC9D /* Products */;
			projectDirPath = "";
			projectReferences = (
				{
					ProductGroup = B90869A5212E92E00077448F /* Products */;
					ProjectRef = B90869A4212E92E00077448F /* JRSwizzleTest.xcodeproj */;
				},
			);
			projectRoot = "";
			targets = (
				B9AE6AA32029FE56006FBC9D /* LoginMVVM */,
			);
		};
/* End PBXProject section */

/* Begin PBXReferenceProxy section */
		B90869CF212E92E00077448F /* JRSwizzleTest_1030 */ = {
			isa = PBXReferenceProxy;
			fileType = "compiled.mach-o.executable";
			path = JRSwizzleTest_1030;
			remoteRef = B90869CE212E92E00077448F /* PBXContainerItemProxy */;
			sourceTree = BUILT_PRODUCTS_DIR;
		};
		B90869D1212E92E00077448F /* JRSwizzleTest_1040 */ = {
			isa = PBXReferenceProxy;
			fileType = "compiled.mach-o.executable";
			path = JRSwizzleTest_1040;
			remoteRef = B90869D0212E92E00077448F /* PBXContainerItemProxy */;
			sourceTree = BUILT_PRODUCTS_DIR;
		};
		B90869D3212E92E00077448F /* JRSwizzleTest_1050_32 */ = {
			isa = PBXReferenceProxy;
			fileType = "compiled.mach-o.executable";
			path = JRSwizzleTest_1050_32;
			remoteRef = B90869D2212E92E00077448F /* PBXContainerItemProxy */;
			sourceTree = BUILT_PRODUCTS_DIR;
		};
		B90869D5212E92E00077448F /* JRSwizzleTest_1050_64 */ = {
			isa = PBXReferenceProxy;
			fileType = "compiled.mach-o.executable";
			path = JRSwizzleTest_1050_64;
			remoteRef = B90869D4212E92E00077448F /* PBXContainerItemProxy */;
			sourceTree = BUILT_PRODUCTS_DIR;
		};
		B90869D7212E92E00077448F /* 10.3 Test.octest */ = {
			isa = PBXReferenceProxy;
			fileType = wrapper.cfbundle;
			path = "10.3 Test.octest";
			remoteRef = B90869D6212E92E00077448F /* PBXContainerItemProxy */;
			sourceTree = BUILT_PRODUCTS_DIR;
		};
		B90869D9212E92E00077448F /* 10.4 Test.octest */ = {
			isa = PBXReferenceProxy;
			fileType = wrapper.cfbundle;
			path = "10.4 Test.octest";
			remoteRef = B90869D8212E92E00077448F /* PBXContainerItemProxy */;
			sourceTree = BUILT_PRODUCTS_DIR;
		};
		B90869DB212E92E00077448F /* 10.5 32-bit Test.octest */ = {
			isa = PBXReferenceProxy;
			fileType = wrapper.cfbundle;
			path = "10.5 32-bit Test.octest";
			remoteRef = B90869DA212E92E00077448F /* PBXContainerItemProxy */;
			sourceTree = BUILT_PRODUCTS_DIR;
		};
		B90869DD212E92E00077448F /* 10.5 64-bit Test.octest */ = {
			isa = PBXReferenceProxy;
			fileType = wrapper.cfbundle;
			path = "10.5 64-bit Test.octest";
			remoteRef = B90869DC212E92E00077448F /* PBXContainerItemProxy */;
			sourceTree = BUILT_PRODUCTS_DIR;
		};
/* End PBXReferenceProxy section */

/* Begin PBXResourcesBuildPhase section */
		B9AE6AA22029FE56006FBC9D /* Resources */ = {
			isa = PBXResourcesBuildPhase;
			buildActionMask = 2147483647;
			files = (
				B90869EF212E92E00077448F /* LaunchScreen.storyboard in Resources */,
				B90869F0212E92E00077448F /* Main.storyboard in Resources */,
				B90869E1212E92E00077448F /* 10.4 Test-Info.plist in Resources */,
				B90869E3212E92E00077448F /* 10.3 Test-Info.plist in Resources */,
				B90869E9212E92E00077448F /* README.markdown in Resources */,
				B90869DF212E92E00077448F /* 10.5 64-bit Test-Info.plist in Resources */,
				B90869DE212E92E00077448F /* 10.5 32-bit Test-Info.plist in Resources */,
				B90869E8212E92E00077448F /* LICENSE in Resources */,
				B90869F4212E92E00077448F /* Info.plist in Resources */,
				B90869ED212E92E00077448F /* Assets.xcassets in Resources */,
				B90869EB212E92E00077448F /* JRSwizzle.podspec in Resources */,
			);
			runOnlyForDeploymentPostprocessing = 0;
		};
/* End PBXResourcesBuildPhase section */

/* Begin PBXShellScriptBuildPhase section */
		1B80C0C6ACA125F5E15E4C78 /* [CP] Check Pods Manifest.lock */ = {
			isa = PBXShellScriptBuildPhase;
			buildActionMask = 2147483647;
			files = (
			);
			inputPaths = (
				"${PODS_PODFILE_DIR_PATH}/Podfile.lock",
				"${PODS_ROOT}/Manifest.lock",
			);
			name = "[CP] Check Pods Manifest.lock";
			outputPaths = (
				"$(DERIVED_FILE_DIR)/Pods-LoginMVVM-checkManifestLockResult.txt",
			);
			runOnlyForDeploymentPostprocessing = 0;
			shellPath = /bin/sh;
			shellScript = "diff \"${PODS_PODFILE_DIR_PATH}/Podfile.lock\" \"${PODS_ROOT}/Manifest.lock\" > /dev/null\nif [ $? != 0 ] ; then\n    # print error to STDERR\n    echo \"error: The sandbox is not in sync with the Podfile.lock. Run 'pod install' or update your CocoaPods installation.\" >&2\n    exit 1\nfi\n# This output is used by Xcode 'outputs' to avoid re-running this script phase.\necho \"SUCCESS\" > \"${SCRIPT_OUTPUT_FILE_0}\"\n";
			showEnvVarsInLog = 0;
		};
/* End PBXShellScriptBuildPhase section */

/* Begin PBXSourcesBuildPhase section */
		B9AE6AA02029FE56006FBC9D /* Sources */ = {
			isa = PBXSourcesBuildPhase;
			buildActionMask = 2147483647;
			files = (
				B90869F1212E92E00077448F /* main.m in Sources */,
				B90869EE212E92E00077448F /* ViewController.m in Sources */,
				B90869F2212E92E00077448F /* LoginViewModel.m in Sources */,
				B90869EC212E92E00077448F /* LoginViewController.m in Sources */,
				B90869EA212E92E00077448F /* JRSwizzle.m in Sources */,
				B90869E0212E92E00077448F /* BallardSwizzleTest.m in Sources */,
				B90869E7212E92E00077448F /* MethodSwizzle.m in Sources */,
				B90869E6212E92E00077448F /* ClassicSwizzleTest.m in Sources */,
				B90869F3212E92E00077448F /* AppDelegate.m in Sources */,
				B90869E4212E92E00077448F /* main.m in Sources */,
				B90869E5212E92E00077448F /* JRSwizzleTest.m in Sources */,
				B90869E2212E92E00077448F /* AppleSwizzleTest.m in Sources */,
			);
			runOnlyForDeploymentPostprocessing = 0;
		};
/* End PBXSourcesBuildPhase section */

/* Begin PBXVariantGroup section */
		B90869BB212E92E00077448F /* LaunchScreen.storyboard */ = {
			isa = PBXVariantGroup;
			children = (
				B90869BC212E92E00077448F /* Base */,
			);
			name = LaunchScreen.storyboard;
			sourceTree = "<group>";
		};
		B90869BD212E92E00077448F /* Main.storyboard */ = {
			isa = PBXVariantGroup;
			children = (
				B90869BE212E92E00077448F /* Base */,
			);
			name = Main.storyboard;
			sourceTree = "<group>";
		};
/* End PBXVariantGroup section */

/* Begin XCBuildConfiguration section */
		B9AE6AB82029FE56006FBC9D /* Debug */ = {
			isa = XCBuildConfiguration;
			buildSettings = {
				ALWAYS_SEARCH_USER_PATHS = NO;
				CLANG_ANALYZER_NONNULL = YES;
				CLANG_ANALYZER_NUMBER_OBJECT_CONVERSION = YES_AGGRESSIVE;
				CLANG_CXX_LANGUAGE_STANDARD = "gnu++14";
				CLANG_CXX_LIBRARY = "libc++";
				CLANG_ENABLE_MODULES = YES;
				CLANG_ENABLE_OBJC_ARC = YES;
				CLANG_WARN_BLOCK_CAPTURE_AUTORELEASING = YES;
				CLANG_WARN_BOOL_CONVERSION = YES;
				CLANG_WARN_COMMA = YES;
				CLANG_WARN_CONSTANT_CONVERSION = YES;
				CLANG_WARN_DEPRECATED_OBJC_IMPLEMENTATIONS = YES;
				CLANG_WARN_DIRECT_OBJC_ISA_USAGE = YES_ERROR;
				CLANG_WARN_DOCUMENTATION_COMMENTS = YES;
				CLANG_WARN_EMPTY_BODY = YES;
				CLANG_WARN_ENUM_CONVERSION = YES;
				CLANG_WARN_INFINITE_RECURSION = YES;
				CLANG_WARN_INT_CONVERSION = YES;
				CLANG_WARN_NON_LITERAL_NULL_CONVERSION = YES;
				CLANG_WARN_OBJC_IMPLICIT_RETAIN_SELF = YES;
				CLANG_WARN_OBJC_LITERAL_CONVERSION = YES;
				CLANG_WARN_OBJC_ROOT_CLASS = YES_ERROR;
				CLANG_WARN_RANGE_LOOP_ANALYSIS = YES;
				CLANG_WARN_STRICT_PROTOTYPES = YES;
				CLANG_WARN_SUSPICIOUS_MOVE = YES;
				CLANG_WARN_UNGUARDED_AVAILABILITY = YES_AGGRESSIVE;
				CLANG_WARN_UNREACHABLE_CODE = YES;
				CLANG_WARN__DUPLICATE_METHOD_MATCH = YES;
				CODE_SIGN_IDENTITY = "iPhone Developer";
				COPY_PHASE_STRIP = NO;
				DEBUG_INFORMATION_FORMAT = dwarf;
				ENABLE_STRICT_OBJC_MSGSEND = YES;
				ENABLE_TESTABILITY = YES;
				GCC_C_LANGUAGE_STANDARD = gnu11;
				GCC_DYNAMIC_NO_PIC = NO;
				GCC_NO_COMMON_BLOCKS = YES;
				GCC_OPTIMIZATION_LEVEL = 0;
				GCC_PREPROCESSOR_DEFINITIONS = (
					"DEBUG=1",
					"$(inherited)",
				);
				GCC_WARN_64_TO_32_BIT_CONVERSION = YES;
				GCC_WARN_ABOUT_RETURN_TYPE = YES_ERROR;
				GCC_WARN_UNDECLARED_SELECTOR = YES;
				GCC_WARN_UNINITIALIZED_AUTOS = YES_AGGRESSIVE;
				GCC_WARN_UNUSED_FUNCTION = YES;
				GCC_WARN_UNUSED_VARIABLE = YES;
				IPHONEOS_DEPLOYMENT_TARGET = 11.2;
				MTL_ENABLE_DEBUG_INFO = YES;
				ONLY_ACTIVE_ARCH = YES;
				SDKROOT = iphoneos;
			};
			name = Debug;
		};
		B9AE6AB92029FE56006FBC9D /* Release */ = {
			isa = XCBuildConfiguration;
			buildSettings = {
				ALWAYS_SEARCH_USER_PATHS = NO;
				CLANG_ANALYZER_NONNULL = YES;
				CLANG_ANALYZER_NUMBER_OBJECT_CONVERSION = YES_AGGRESSIVE;
				CLANG_CXX_LANGUAGE_STANDARD = "gnu++14";
				CLANG_CXX_LIBRARY = "libc++";
				CLANG_ENABLE_MODULES = YES;
				CLANG_ENABLE_OBJC_ARC = YES;
				CLANG_WARN_BLOCK_CAPTURE_AUTORELEASING = YES;
				CLANG_WARN_BOOL_CONVERSION = YES;
				CLANG_WARN_COMMA = YES;
				CLANG_WARN_CONSTANT_CONVERSION = YES;
				CLANG_WARN_DEPRECATED_OBJC_IMPLEMENTATIONS = YES;
				CLANG_WARN_DIRECT_OBJC_ISA_USAGE = YES_ERROR;
				CLANG_WARN_DOCUMENTATION_COMMENTS = YES;
				CLANG_WARN_EMPTY_BODY = YES;
				CLANG_WARN_ENUM_CONVERSION = YES;
				CLANG_WARN_INFINITE_RECURSION = YES;
				CLANG_WARN_INT_CONVERSION = YES;
				CLANG_WARN_NON_LITERAL_NULL_CONVERSION = YES;
				CLANG_WARN_OBJC_IMPLICIT_RETAIN_SELF = YES;
				CLANG_WARN_OBJC_LITERAL_CONVERSION = YES;
				CLANG_WARN_OBJC_ROOT_CLASS = YES_ERROR;
				CLANG_WARN_RANGE_LOOP_ANALYSIS = YES;
				CLANG_WARN_STRICT_PROTOTYPES = YES;
				CLANG_WARN_SUSPICIOUS_MOVE = YES;
				CLANG_WARN_UNGUARDED_AVAILABILITY = YES_AGGRESSIVE;
				CLANG_WARN_UNREACHABLE_CODE = YES;
				CLANG_WARN__DUPLICATE_METHOD_MATCH = YES;
				CODE_SIGN_IDENTITY = "iPhone Developer";
				COPY_PHASE_STRIP = NO;
				DEBUG_INFORMATION_FORMAT = "dwarf-with-dsym";
				ENABLE_NS_ASSERTIONS = NO;
				ENABLE_STRICT_OBJC_MSGSEND = YES;
				GCC_C_LANGUAGE_STANDARD = gnu11;
				GCC_NO_COMMON_BLOCKS = YES;
				GCC_WARN_64_TO_32_BIT_CONVERSION = YES;
				GCC_WARN_ABOUT_RETURN_TYPE = YES_ERROR;
				GCC_WARN_UNDECLARED_SELECTOR = YES;
				GCC_WARN_UNINITIALIZED_AUTOS = YES_AGGRESSIVE;
				GCC_WARN_UNUSED_FUNCTION = YES;
				GCC_WARN_UNUSED_VARIABLE = YES;
				IPHONEOS_DEPLOYMENT_TARGET = 11.2;
				MTL_ENABLE_DEBUG_INFO = NO;
				SDKROOT = iphoneos;
				VALIDATE_PRODUCT = YES;
			};
			name = Release;
		};
		B9AE6ABB2029FE56006FBC9D /* Debug */ = {
			isa = XCBuildConfiguration;
			baseConfigurationReference = 66B0875A81E6DF330F40E7D1 /* Pods-LoginMVVM.debug.xcconfig */;
			buildSettings = {
				ASSETCATALOG_COMPILER_APPICON_NAME = AppIcon;
				CODE_SIGN_STYLE = Automatic;
				DEVELOPMENT_TEAM = 6RP26K9BGF;
				INFOPLIST_FILE = LoginMVVM/Info.plist;
				LD_RUNPATH_SEARCH_PATHS = "$(inherited) @executable_path/Frameworks";
				PRODUCT_BUNDLE_IDENTIFIER = hongyejingdian.LoginMVVM;
				PRODUCT_NAME = "$(TARGET_NAME)";
				TARGETED_DEVICE_FAMILY = "1,2";
			};
			name = Debug;
		};
		B9AE6ABC2029FE56006FBC9D /* Release */ = {
			isa = XCBuildConfiguration;
			baseConfigurationReference = 542A688CB8AE9C8D222C325F /* Pods-LoginMVVM.release.xcconfig */;
			buildSettings = {
				ASSETCATALOG_COMPILER_APPICON_NAME = AppIcon;
				CODE_SIGN_STYLE = Automatic;
				DEVELOPMENT_TEAM = 6RP26K9BGF;
				INFOPLIST_FILE = LoginMVVM/Info.plist;
				LD_RUNPATH_SEARCH_PATHS = "$(inherited) @executable_path/Frameworks";
				PRODUCT_BUNDLE_IDENTIFIER = hongyejingdian.LoginMVVM;
				PRODUCT_NAME = "$(TARGET_NAME)";
				TARGETED_DEVICE_FAMILY = "1,2";
			};
			name = Release;
		};
/* End XCBuildConfiguration section */

/* Begin XCConfigurationList section */
		B9AE6A9F2029FE56006FBC9D /* Build configuration list for PBXProject "LoginMVVM" */ = {
			isa = XCConfigurationList;
			buildConfigurations = (
				B9AE6AB82029FE56006FBC9D /* Debug */,
				B9AE6AB92029FE56006FBC9D /* Release */,
			);
			defaultConfigurationIsVisible = 0;
			defaultConfigurationName = Release;
		};
		B9AE6ABA2029FE56006FBC9D /* Build configuration list for PBXNativeTarget "LoginMVVM" */ = {
			isa = XCConfigurationList;
			buildConfigurations = (
				B9AE6ABB2029FE56006FBC9D /* Debug */,
				B9AE6ABC2029FE56006FBC9D /* Release */,
			);
			defaultConfigurationIsVisible = 0;
			defaultConfigurationName = Release;
		};
/* End XCConfigurationList section */
	};
	rootObject = B9AE6A9C2029FE56006FBC9D /* Project object */;
}
