// !$*UTF8*$!
{
	archiveVersion = 1;
	classes = {
	};
	objectVersion = 48;
	objects = {

/* Begin PBXBuildFile section */
		9D23B94755C2FE69636EF572 /* libPods-LoginMVVM.a in Frameworks */ = {isa = PBXBuildFile; fileRef = 363F516AAE16895E59D48E8C /* libPods-LoginMVVM.a */; };
		B9086A21212ECD990077448F /* LoginViewController.m in Sources */ = {isa = PBXBuildFile; fileRef = B9086A14212ECD990077448F /* LoginViewController.m */; };
		B9086A22212ECD990077448F /* Assets.xcassets in Resources */ = {isa = PBXBuildFile; fileRef = B9086A15212ECD990077448F /* Assets.xcassets */; };
		B9086A23212ECD990077448F /* ViewController.m in Sources */ = {isa = PBXBuildFile; fileRef = B9086A16212ECD990077448F /* ViewController.m */; };
		B9086A24212ECD990077448F /* LaunchScreen.storyboard in Resources */ = {isa = PBXBuildFile; fileRef = B9086A17212ECD990077448F /* LaunchScreen.storyboard */; };
		B9086A25212ECD990077448F /* Main.storyboard in Resources */ = {isa = PBXBuildFile; fileRef = B9086A19212ECD990077448F /* Main.storyboard */; };
		B9086A26212ECD990077448F /* main.m in Sources */ = {isa = PBXBuildFile; fileRef = B9086A1B212ECD990077448F /* main.m */; };
		B9086A27212ECD990077448F /* LoginViewModel.m in Sources */ = {isa = PBXBuildFile; fileRef = B9086A1C212ECD990077448F /* LoginViewModel.m */; };
		B9086A28212ECD990077448F /* AppDelegate.m in Sources */ = {isa = PBXBuildFile; fileRef = B9086A1D212ECD990077448F /* AppDelegate.m */; };
		B9086A29212ECD990077448F /* Info.plist in Resources */ = {isa = PBXBuildFile; fileRef = B9086A1F212ECD990077448F /* Info.plist */; };
/* End PBXBuildFile section */

/* Begin PBXFileReference section */
		363F516AAE16895E59D48E8C /* libPods-LoginMVVM.a */ = {isa = PBXFileReference; explicitFileType = archive.ar; includeInIndex = 0; path = "libPods-LoginMVVM.a"; sourceTree = BUILT_PRODUCTS_DIR; };
		542A688CB8AE9C8D222C325F /* Pods-LoginMVVM.release.xcconfig */ = {isa = PBXFileReference; includeInIndex = 1; lastKnownFileType = text.xcconfig; name = "Pods-LoginMVVM.release.xcconfig"; path = "Pods/Target Support Files/Pods-LoginMVVM/Pods-LoginMVVM.release.xcconfig"; sourceTree = "<group>"; };
		66B0875A81E6DF330F40E7D1 /* Pods-LoginMVVM.debug.xcconfig */ = {isa = PBXFileReference; includeInIndex = 1; lastKnownFileType = text.xcconfig; name = "Pods-LoginMVVM.debug.xcconfig"; path = "Pods/Target Support Files/Pods-LoginMVVM/Pods-LoginMVVM.debug.xcconfig"; sourceTree = "<group>"; };
		B9086A12212ECD990077448F /* AppDelegate.h */ = {isa = PBXFileReference; fileEncoding = 4; lastKnownFileType = sourcecode.c.h; path = AppDelegate.h; sourceTree = "<group>"; };
		B9086A13212ECD990077448F /* LoginViewModel.h */ = {isa = PBXFileReference; fileEncoding = 4; lastKnownFileType = sourcecode.c.h; path = LoginViewModel.h; sourceTree = "<group>"; };
		B9086A14212ECD990077448F /* LoginViewController.m */ = {isa = PBXFileReference; fileEncoding = 4; lastKnownFileType = sourcecode.c.objc; path = LoginViewController.m; sourceTree = "<group>"; };
		B9086A15212ECD990077448F /* Assets.xcassets */ = {isa = PBXFileReference; lastKnownFileType = folder.assetcatalog; path = Assets.xcassets; sourceTree = "<group>"; };
		B9086A16212ECD990077448F /* ViewController.m */ = {isa = PBXFileReference; fileEncoding = 4; lastKnownFileType = sourcecode.c.objc; path = ViewController.m; sourceTree = "<group>"; };
		B9086A18212ECD990077448F /* Base */ = {isa = PBXFileReference; lastKnownFileType = file.storyboard; name = Base; path = Base.lproj/LaunchScreen.storyboard; sourceTree = "<group>"; };
		B9086A1A212ECD990077448F /* Base */ = {isa = PBXFileReference; lastKnownFileType = file.storyboard; name = Base; path = Base.lproj/Main.storyboard; sourceTree = "<group>"; };
		B9086A1B212ECD990077448F /* main.m */ = {isa = PBXFileReference; fileEncoding = 4; lastKnownFileType = sourcecode.c.objc; path = main.m; sourceTree = "<group>"; };
		B9086A1C212ECD990077448F /* LoginViewModel.m */ = {isa = PBXFileReference; fileEncoding = 4; lastKnownFileType = sourcecode.c.objc; path = LoginViewModel.m; sourceTree = "<group>"; };
		B9086A1D212ECD990077448F /* AppDelegate.m */ = {isa = PBXFileReference; fileEncoding = 4; lastKnownFileType = sourcecode.c.objc; path = AppDelegate.m; sourceTree = "<group>"; };
		B9086A1E212ECD990077448F /* LoginViewController.h */ = {isa = PBXFileReference; fileEncoding = 4; lastKnownFileType = sourcecode.c.h; path = LoginViewController.h; sourceTree = "<group>"; };
		B9086A1F212ECD990077448F /* Info.plist */ = {isa = PBXFileReference; fileEncoding = 4; lastKnownFileType = text.plist.xml; path = Info.plist; sourceTree = "<group>"; };
		B9086A20212ECD990077448F /* ViewController.h */ = {isa = PBXFileReference; fileEncoding = 4; lastKnownFileType = sourcecode.c.h; path = ViewController.h; sourceTree = "<group>"; };
		B9AE6AA42029FE56006FBC9D /* LoginMVVM.app */ = {isa = PBXFileReference; explicitFileType = wrapper.application; includeInIndex = 0; path = LoginMVVM.app; sourceTree = BUILT_PRODUCTS_DIR; };
/* End PBXFileReference section */

/* Begin PBXFrameworksBuildPhase section */
		B9AE6AA12029FE56006FBC9D /* Frameworks */ = {
			isa = PBXFrameworksBuildPhase;
			buildActionMask = 2147483647;
			files = (
				9D23B94755C2FE69636EF572 /* libPods-LoginMVVM.a in Frameworks */,
			);
			runOnlyForDeploymentPostprocessing = 0;
		};
/* End PBXFrameworksBuildPhase section */

/* Begin PBXGroup section */
		352BC919E1CF3B5966641E3B /* Frameworks */ = {
			isa = PBXGroup;
			children = (
				363F516AAE16895E59D48E8C /* libPods-LoginMVVM.a */,
			);
			name = Frameworks;
			sourceTree = "<group>";
		};
		B9086A11212ECD990077448F /* LoginMVVMClasses */ = {
			isa = PBXGroup;
			children = (
				B9086A12212ECD990077448F /* AppDelegate.h */,
				B9086A13212ECD990077448F /* LoginViewModel.h */,
				B9086A14212ECD990077448F /* LoginViewController.m */,
				B9086A15212ECD990077448F /* Assets.xcassets */,
				B9086A16212ECD990077448F /* ViewController.m */,
				B9086A17212ECD990077448F /* LaunchScreen.storyboard */,
				B9086A19212ECD990077448F /* Main.storyboard */,
				B9086A1B212ECD990077448F /* main.m */,
				B9086A1C212ECD990077448F /* LoginViewModel.m */,
				B9086A1D212ECD990077448F /* AppDelegate.m */,
				B9086A1E212ECD990077448F /* LoginViewController.h */,
				B9086A1F212ECD990077448F /* Info.plist */,
				B9086A20212ECD990077448F /* ViewController.h */,
			);
			path = LoginMVVMClasses;
			sourceTree = "<group>";
		};
		B9AE6A9B2029FE56006FBC9D = {
			isa = PBXGroup;
			children = (
				B9086A11212ECD990077448F /* LoginMVVMClasses */,
				B9AE6AA52029FE56006FBC9D /* Products */,
				C302D7EBAD108B60F3BC10AC /* Pods */,
				352BC919E1CF3B5966641E3B /* Frameworks */,
			);
			sourceTree = "<group>";
		};
		B9AE6AA52029FE56006FBC9D /* Products */ = {
			isa = PBXGroup;
			children = (
				B9AE6AA42029FE56006FBC9D /* LoginMVVM.app */,
			);
			name = Products;
			sourceTree = "<group>";
		};
		C302D7EBAD108B60F3BC10AC /* Pods */ = {
			isa = PBXGroup;
			children = (
				66B0875A81E6DF330F40E7D1 /* Pods-LoginMVVM.debug.xcconfig */,
				542A688CB8AE9C8D222C325F /* Pods-LoginMVVM.release.xcconfig */,
			);
			name = Pods;
			sourceTree = "<group>";
		};
/* End PBXGroup section */

/* Begin PBXNativeTarget section */
		B9AE6AA32029FE56006FBC9D /* LoginMVVM */ = {
			isa = PBXNativeTarget;
			buildConfigurationList = B9AE6ABA2029FE56006FBC9D /* Build configuration list for PBXNativeTarget "LoginMVVM" */;
			buildPhases = (
				1B80C0C6ACA125F5E15E4C78 /* [CP] Check Pods Manifest.lock */,
				B9AE6AA02029FE56006FBC9D /* Sources */,
				B9AE6AA12029FE56006FBC9D /* Frameworks */,
				B9AE6AA22029FE56006FBC9D /* Resources */,
			);
			buildRules = (
			);
			dependencies = (
			);
			name = LoginMVVM;
			productName = LoginMVVM;
			productReference = B9AE6AA42029FE56006FBC9D /* LoginMVVM.app */;
			productType = "com.apple.product-type.application";
		};
/* End PBXNativeTarget section */

/* Begin PBXProject section */
		B9AE6A9C2029FE56006FBC9D /* Project object */ = {
			isa = PBXProject;
			attributes = {
				LastUpgradeCheck = 0940;
				ORGANIZATIONNAME = "qunye zhu";
				TargetAttributes = {
					B9AE6AA32029FE56006FBC9D = {
						CreatedOnToolsVersion = 9.2;
						ProvisioningStyle = Automatic;
					};
				};
			};
			buildConfigurationList = B9AE6A9F2029FE56006FBC9D /* Build configuration list for PBXProject "LoginMVVM" */;
			compatibilityVersion = "Xcode 8.0";
			developmentRegion = en;
			hasScannedForEncodings = 0;
			knownRegions = (
				en,
				Base,
			);
			mainGroup = B9AE6A9B2029FE56006FBC9D;
			productRefGroup = B9AE6AA52029FE56006FBC9D /* Products */;
			projectDirPath = "";
			projectRoot = "";
			targets = (
				B9AE6AA32029FE56006FBC9D /* LoginMVVM */,
			);
		};
/* End PBXProject section */

/* Begin PBXResourcesBuildPhase section */
		B9AE6AA22029FE56006FBC9D /* Resources */ = {
			isa = PBXResourcesBuildPhase;
			buildActionMask = 2147483647;
			files = (
				B9086A29212ECD990077448F /* Info.plist in Resources */,
				B9086A25212ECD990077448F /* Main.storyboard in Resources */,
				B9086A22212ECD990077448F /* Assets.xcassets in Resources */,
				B9086A24212ECD990077448F /* LaunchScreen.storyboard in Resources */,
			);
			runOnlyForDeploymentPostprocessing = 0;
		};
/* End PBXResourcesBuildPhase section */

/* Begin PBXShellScriptBuildPhase section */
		1B80C0C6ACA125F5E15E4C78 /* [CP] Check Pods Manifest.lock */ = {
			isa = PBXShellScriptBuildPhase;
			buildActionMask = 2147483647;
			files = (
			);
			inputPaths = (
				"${PODS_PODFILE_DIR_PATH}/Podfile.lock",
				"${PODS_ROOT}/Manifest.lock",
			);
			name = "[CP] Check Pods Manifest.lock";
			outputPaths = (
				"$(DERIVED_FILE_DIR)/Pods-LoginMVVM-checkManifestLockResult.txt",
			);
			runOnlyForDeploymentPostprocessing = 0;
			shellPath = /bin/sh;
			shellScript = "diff \"${PODS_PODFILE_DIR_PATH}/Podfile.lock\" \"${PODS_ROOT}/Manifest.lock\" > /dev/null\nif [ $? != 0 ] ; then\n    # print error to STDERR\n    echo \"error: The sandbox is not in sync with the Podfile.lock. Run 'pod install' or update your CocoaPods installation.\" >&2\n    exit 1\nfi\n# This output is used by Xcode 'outputs' to avoid re-running this script phase.\necho \"SUCCESS\" > \"${SCRIPT_OUTPUT_FILE_0}\"\n";
			showEnvVarsInLog = 0;
		};
/* End PBXShellScriptBuildPhase section */

/* Begin PBXSourcesBuildPhase section */
		B9AE6AA02029FE56006FBC9D /* Sources */ = {
			isa = PBXSourcesBuildPhase;
			buildActionMask = 2147483647;
			files = (
				B9086A27212ECD990077448F /* LoginViewModel.m in Sources */,
				B9086A23212ECD990077448F /* ViewController.m in Sources */,
				B9086A26212ECD990077448F /* main.m in Sources */,
				B9086A21212ECD990077448F /* LoginViewController.m in Sources */,
				B9086A28212ECD990077448F /* AppDelegate.m in Sources */,
			);
			runOnlyForDeploymentPostprocessing = 0;
		};
/* End PBXSourcesBuildPhase section */

/* Begin PBXVariantGroup section */
		B9086A17212ECD990077448F /* LaunchScreen.storyboard */ = {
			isa = PBXVariantGroup;
			children = (
				B9086A18212ECD990077448F /* Base */,
			);
			name = LaunchScreen.storyboard;
			sourceTree = "<group>";
		};
		B9086A19212ECD990077448F /* Main.storyboard */ = {
			isa = PBXVariantGroup;
			children = (
				B9086A1A212ECD990077448F /* Base */,
			);
			name = Main.storyboard;
			sourceTree = "<group>";
		};
/* End PBXVariantGroup section */

/* Begin XCBuildConfiguration section */
		B9AE6AB82029FE56006FBC9D /* Debug */ = {
			isa = XCBuildConfiguration;
			buildSettings = {
				ALWAYS_SEARCH_USER_PATHS = NO;
				CLANG_ANALYZER_NONNULL = YES;
				CLANG_ANALYZER_NUMBER_OBJECT_CONVERSION = YES_AGGRESSIVE;
				CLANG_CXX_LANGUAGE_STANDARD = "gnu++14";
				CLANG_CXX_LIBRARY = "libc++";
				CLANG_ENABLE_MODULES = YES;
				CLANG_ENABLE_OBJC_ARC = YES;
				CLANG_WARN_BLOCK_CAPTURE_AUTORELEASING = YES;
				CLANG_WARN_BOOL_CONVERSION = YES;
				CLANG_WARN_COMMA = YES;
				CLANG_WARN_CONSTANT_CONVERSION = YES;
				CLANG_WARN_DEPRECATED_OBJC_IMPLEMENTATIONS = YES;
				CLANG_WARN_DIRECT_OBJC_ISA_USAGE = YES_ERROR;
				CLANG_WARN_DOCUMENTATION_COMMENTS = YES;
				CLANG_WARN_EMPTY_BODY = YES;
				CLANG_WARN_ENUM_CONVERSION = YES;
				CLANG_WARN_INFINITE_RECURSION = YES;
				CLANG_WARN_INT_CONVERSION = YES;
				CLANG_WARN_NON_LITERAL_NULL_CONVERSION = YES;
				CLANG_WARN_OBJC_IMPLICIT_RETAIN_SELF = YES;
				CLANG_WARN_OBJC_LITERAL_CONVERSION = YES;
				CLANG_WARN_OBJC_ROOT_CLASS = YES_ERROR;
				CLANG_WARN_RANGE_LOOP_ANALYSIS = YES;
				CLANG_WARN_STRICT_PROTOTYPES = YES;
				CLANG_WARN_SUSPICIOUS_MOVE = YES;
				CLANG_WARN_UNGUARDED_AVAILABILITY = YES_AGGRESSIVE;
				CLANG_WARN_UNREACHABLE_CODE = YES;
				CLANG_WARN__DUPLICATE_METHOD_MATCH = YES;
				CODE_SIGN_IDENTITY = "iPhone Developer";
				COPY_PHASE_STRIP = NO;
				DEBUG_INFORMATION_FORMAT = dwarf;
				ENABLE_STRICT_OBJC_MSGSEND = YES;
				ENABLE_TESTABILITY = YES;
				GCC_C_LANGUAGE_STANDARD = gnu11;
				GCC_DYNAMIC_NO_PIC = NO;
				GCC_NO_COMMON_BLOCKS = YES;
				GCC_OPTIMIZATION_LEVEL = 0;
				GCC_PREPROCESSOR_DEFINITIONS = (
					"DEBUG=1",
					"$(inherited)",
				);
				GCC_WARN_64_TO_32_BIT_CONVERSION = YES;
				GCC_WARN_ABOUT_RETURN_TYPE = YES_ERROR;
				GCC_WARN_UNDECLARED_SELECTOR = YES;
				GCC_WARN_UNINITIALIZED_AUTOS = YES_AGGRESSIVE;
				GCC_WARN_UNUSED_FUNCTION = YES;
				GCC_WARN_UNUSED_VARIABLE = YES;
				IPHONEOS_DEPLOYMENT_TARGET = 11.2;
				MTL_ENABLE_DEBUG_INFO = YES;
				ONLY_ACTIVE_ARCH = YES;
				SDKROOT = iphoneos;
			};
			name = Debug;
		};
		B9AE6AB92029FE56006FBC9D /* Release */ = {
			isa = XCBuildConfiguration;
			buildSettings = {
				ALWAYS_SEARCH_USER_PATHS = NO;
				CLANG_ANALYZER_NONNULL = YES;
				CLANG_ANALYZER_NUMBER_OBJECT_CONVERSION = YES_AGGRESSIVE;
				CLANG_CXX_LANGUAGE_STANDARD = "gnu++14";
				CLANG_CXX_LIBRARY = "libc++";
				CLANG_ENABLE_MODULES = YES;
				CLANG_ENABLE_OBJC_ARC = YES;
				CLANG_WARN_BLOCK_CAPTURE_AUTORELEASING = YES;
				CLANG_WARN_BOOL_CONVERSION = YES;
				CLANG_WARN_COMMA = YES;
				CLANG_WARN_CONSTANT_CONVERSION = YES;
				CLANG_WARN_DEPRECATED_OBJC_IMPLEMENTATIONS = YES;
				CLANG_WARN_DIRECT_OBJC_ISA_USAGE = YES_ERROR;
				CLANG_WARN_DOCUMENTATION_COMMENTS = YES;
				CLANG_WARN_EMPTY_BODY = YES;
				CLANG_WARN_ENUM_CONVERSION = YES;
				CLANG_WARN_INFINITE_RECURSION = YES;
				CLANG_WARN_INT_CONVERSION = YES;
				CLANG_WARN_NON_LITERAL_NULL_CONVERSION = YES;
				CLANG_WARN_OBJC_IMPLICIT_RETAIN_SELF = YES;
				CLANG_WARN_OBJC_LITERAL_CONVERSION = YES;
				CLANG_WARN_OBJC_ROOT_CLASS = YES_ERROR;
				CLANG_WARN_RANGE_LOOP_ANALYSIS = YES;
				CLANG_WARN_STRICT_PROTOTYPES = YES;
				CLANG_WARN_SUSPICIOUS_MOVE = YES;
				CLANG_WARN_UNGUARDED_AVAILABILITY = YES_AGGRESSIVE;
				CLANG_WARN_UNREACHABLE_CODE = YES;
				CLANG_WARN__DUPLICATE_METHOD_MATCH = YES;
				CODE_SIGN_IDENTITY = "iPhone Developer";
				COPY_PHASE_STRIP = NO;
				DEBUG_INFORMATION_FORMAT = "dwarf-with-dsym";
				ENABLE_NS_ASSERTIONS = NO;
				ENABLE_STRICT_OBJC_MSGSEND = YES;
				GCC_C_LANGUAGE_STANDARD = gnu11;
				GCC_NO_COMMON_BLOCKS = YES;
				GCC_WARN_64_TO_32_BIT_CONVERSION = YES;
				GCC_WARN_ABOUT_RETURN_TYPE = YES_ERROR;
				GCC_WARN_UNDECLARED_SELECTOR = YES;
				GCC_WARN_UNINITIALIZED_AUTOS = YES_AGGRESSIVE;
				GCC_WARN_UNUSED_FUNCTION = YES;
				GCC_WARN_UNUSED_VARIABLE = YES;
				IPHONEOS_DEPLOYMENT_TARGET = 11.2;
				MTL_ENABLE_DEBUG_INFO = NO;
				SDKROOT = iphoneos;
				VALIDATE_PRODUCT = YES;
			};
			name = Release;
		};
		B9AE6ABB2029FE56006FBC9D /* Debug */ = {
			isa = XCBuildConfiguration;
			baseConfigurationReference = 66B0875A81E6DF330F40E7D1 /* Pods-LoginMVVM.debug.xcconfig */;
			buildSettings = {
				ASSETCATALOG_COMPILER_APPICON_NAME = AppIcon;
				CODE_SIGN_STYLE = Automatic;
				DEVELOPMENT_TEAM = 22ZNNCDS7U;
				INFOPLIST_FILE = "$(SRCROOT)/LoginMVVMClasses/Info.plist";
				LD_RUNPATH_SEARCH_PATHS = "$(inherited) @executable_path/Frameworks";
				PRODUCT_BUNDLE_IDENTIFIER = hongyejingdian.LoginMVVM;
				PRODUCT_NAME = "$(TARGET_NAME)";
				TARGETED_DEVICE_FAMILY = "1,2";
			};
			name = Debug;
		};
		B9AE6ABC2029FE56006FBC9D /* Release */ = {
			isa = XCBuildConfiguration;
			baseConfigurationReference = 542A688CB8AE9C8D222C325F /* Pods-LoginMVVM.release.xcconfig */;
			buildSettings = {
				ASSETCATALOG_COMPILER_APPICON_NAME = AppIcon;
				CODE_SIGN_STYLE = Automatic;
				DEVELOPMENT_TEAM = 22ZNNCDS7U;
				INFOPLIST_FILE = "$(SRCROOT)/LoginMVVMClasses/Info.plist";
				LD_RUNPATH_SEARCH_PATHS = "$(inherited) @executable_path/Frameworks";
				PRODUCT_BUNDLE_IDENTIFIER = hongyejingdian.LoginMVVM;
				PRODUCT_NAME = "$(TARGET_NAME)";
				TARGETED_DEVICE_FAMILY = "1,2";
			};
			name = Release;
		};
/* End XCBuildConfiguration section */

/* Begin XCConfigurationList section */
		B9AE6A9F2029FE56006FBC9D /* Build configuration list for PBXProject "LoginMVVM" */ = {
			isa = XCConfigurationList;
			buildConfigurations = (
				B9AE6AB82029FE56006FBC9D /* Debug */,
				B9AE6AB92029FE56006FBC9D /* Release */,
			);
			defaultConfigurationIsVisible = 0;
			defaultConfigurationName = Release;
		};
		B9AE6ABA2029FE56006FBC9D /* Build configuration list for PBXNativeTarget "LoginMVVM" */ = {
			isa = XCConfigurationList;
			buildConfigurations = (
				B9AE6ABB2029FE56006FBC9D /* Debug */,
				B9AE6ABC2029FE56006FBC9D /* Release */,
			);
			defaultConfigurationIsVisible = 0;
			defaultConfigurationName = Release;
		};
/* End XCConfigurationList section */
	};
	rootObject = B9AE6A9C2029FE56006FBC9D /* Project object */;
}
